{
  "version": "4",
  "remote": {
    "https://esm.sh/monaco-editor@0.52.0": "440a80d1c6628ea1c3ef01a0a8e4e92c0316b513d57481bd9a9d7fa0058e08b7",
    "https://esm.sh/v135/monaco-editor@0.52.0/denonext/esm/vs/basic-languages/abap/abap.js": "8b82e1d572d000fd08935b9b85d0e1a6471e1a9a4b5af9d84fd31e7379ecfd35",
    "https://esm.sh/v135/monaco-editor@0.52.0/denonext/esm/vs/basic-languages/apex/apex.js": "ce402dfe4b4b4e878c2d42b4370bdb537990837bd93580d002f994036160bba3",
    "https://esm.sh/v135/monaco-editor@0.52.0/denonext/esm/vs/basic-languages/azcli/azcli.js": "57ce84ae61ecd9e0e7d95f1dff939c34223304a4b3342fa59a1a0e7197c943a7",
    "https://esm.sh/v135/monaco-editor@0.52.0/denonext/esm/vs/basic-languages/bat/bat.js": "7d97639197911edfea05b76aef4bd60c6fe9a04b630db458f3a1bdfffac37058",
    "https://esm.sh/v135/monaco-editor@0.52.0/denonext/esm/vs/basic-languages/bicep/bicep.js": "b706c49f1d9a5d76a60891509c9421c4f99ccd71af171ed1bc168d7dafd36bf6",
    "https://esm.sh/v135/monaco-editor@0.52.0/denonext/esm/vs/basic-languages/cameligo/cameligo.js": "2867659739e6bf2ed1901f17d3e3246ffdc7017ac23602eadf921757d8d45f9d",
    "https://esm.sh/v135/monaco-editor@0.52.0/denonext/esm/vs/basic-languages/clojure/clojure.js": "20c1d28ea391b171c10c0bc3a5a32decb6f97e3ba0f6c4259cb2215ed2a7d95e",
    "https://esm.sh/v135/monaco-editor@0.52.0/denonext/esm/vs/basic-languages/coffee/coffee.js": "e18923450dd9d64711e3ccd25ba58991e724025ca0899ead1cf04ec1bbdcc803",
    "https://esm.sh/v135/monaco-editor@0.52.0/denonext/esm/vs/basic-languages/cpp/cpp.js": "bbe9c9b0307cb48519089b0bbf5fb85f0818d8a41bf69393c39b1b975e33f90b",
    "https://esm.sh/v135/monaco-editor@0.52.0/denonext/esm/vs/basic-languages/csharp/csharp.js": "ad89583f069985afe377c6988ac352ea6221a1440cf883b9d0c8aa907f7f1546",
    "https://esm.sh/v135/monaco-editor@0.52.0/denonext/esm/vs/basic-languages/csp/csp.js": "9b5843930740b2f5c0c585dd6a978582e72e34728efe25450cf40c254560fa45",
    "https://esm.sh/v135/monaco-editor@0.52.0/denonext/esm/vs/basic-languages/css/css.js": "b77f8e02ffdb066e8df353c4880d287a869d7ad1d7434a71ad0db8f796c5abf7",
    "https://esm.sh/v135/monaco-editor@0.52.0/denonext/esm/vs/basic-languages/cypher/cypher.js": "ab67a2e57fe8c22c24111998ea1c0ee3758b0506289ab081423d49b5128cfc08",
    "https://esm.sh/v135/monaco-editor@0.52.0/denonext/esm/vs/basic-languages/dart/dart.js": "f6408fb31f89a601bf7902dde71fd88301204355917f683caffebd63e52c36c2",
    "https://esm.sh/v135/monaco-editor@0.52.0/denonext/esm/vs/basic-languages/dockerfile/dockerfile.js": "b25b34c92a40ac26bef3fb94f67ec3c2313d9a73d799145a44523e8ff005d22b",
    "https://esm.sh/v135/monaco-editor@0.52.0/denonext/esm/vs/basic-languages/ecl/ecl.js": "c0596713c57c1cfb27a5bdd372b9503d8d2b75c0795a0e68098b0f60362e158b",
    "https://esm.sh/v135/monaco-editor@0.52.0/denonext/esm/vs/basic-languages/elixir/elixir.js": "74c1b3ff14f7fc35c62a56038726abf4cf92a3d23330e8cf6dee48ee4c4875b0",
    "https://esm.sh/v135/monaco-editor@0.52.0/denonext/esm/vs/basic-languages/flow9/flow9.js": "bc534963a4c4fc5974d59a0f5ffe8df271b8909e8f3e9805a26a4ce9f307e418",
    "https://esm.sh/v135/monaco-editor@0.52.0/denonext/esm/vs/basic-languages/freemarker2/freemarker2.js": "1a3c91ac80eaf84917c93698ed2ac64b1e333781a0f6ea993337900d714f687d",
    "https://esm.sh/v135/monaco-editor@0.52.0/denonext/esm/vs/basic-languages/fsharp/fsharp.js": "9e95915d91e0dc3cb4d8a19b5c6e16244971e789438392231f03807c167d7b89",
    "https://esm.sh/v135/monaco-editor@0.52.0/denonext/esm/vs/basic-languages/go/go.js": "aafdaa750462e3ee5decdf834719caa4bd8d3d8553e151adfd43044747586d1e",
    "https://esm.sh/v135/monaco-editor@0.52.0/denonext/esm/vs/basic-languages/graphql/graphql.js": "2855d5d663499fc2647790c02bc7f54f876072a2ba148009f747152c1023d447",
    "https://esm.sh/v135/monaco-editor@0.52.0/denonext/esm/vs/basic-languages/handlebars/handlebars.js": "784dc29cc59b630484537ab0db05de7a8a10c09d77dfb6ef179573657997cf84",
    "https://esm.sh/v135/monaco-editor@0.52.0/denonext/esm/vs/basic-languages/hcl/hcl.js": "39093192cd5457f8132b5def5a90d1d847ec7289a6b4838522a96a049c5e2cac",
    "https://esm.sh/v135/monaco-editor@0.52.0/denonext/esm/vs/basic-languages/html/html.js": "4bc105f58b440f8acb06684e06e9630d0567a1c558b50c27de147a4eb2625831",
    "https://esm.sh/v135/monaco-editor@0.52.0/denonext/esm/vs/basic-languages/ini/ini.js": "9b536ced572c83447ba96ab04be1de4d08d74f4719ceee133200d7d381151886",
    "https://esm.sh/v135/monaco-editor@0.52.0/denonext/esm/vs/basic-languages/java/java.js": "207536636be6caf94f10efd146b81856fef0bd448afced2c452288f4a3196d76",
    "https://esm.sh/v135/monaco-editor@0.52.0/denonext/esm/vs/basic-languages/javascript/javascript.js": "cd166180f5950c994ca6b823e79c053fce77f731393b5378050b235318326aaa",
    "https://esm.sh/v135/monaco-editor@0.52.0/denonext/esm/vs/basic-languages/julia/julia.js": "304a4525361262373e7b51cc4b9b4a723a35b8c411a26d4f0a8771aa028ca093",
    "https://esm.sh/v135/monaco-editor@0.52.0/denonext/esm/vs/basic-languages/kotlin/kotlin.js": "dee4ca0cef7342096c9da4bf630f84640eeb07a59b891615099535f58f0b06d4",
    "https://esm.sh/v135/monaco-editor@0.52.0/denonext/esm/vs/basic-languages/less/less.js": "0cd39a427ea1f7b135fe4672478abc439ae11fa8e4f5a439f46ace4fe09e5ca2",
    "https://esm.sh/v135/monaco-editor@0.52.0/denonext/esm/vs/basic-languages/lexon/lexon.js": "d57d4f290854e9c3e1f18e29debf9aadccc9908df6deb8feac04bdc1ad477266",
    "https://esm.sh/v135/monaco-editor@0.52.0/denonext/esm/vs/basic-languages/liquid/liquid.js": "a56bda272907afe8148dcd9be5761afe4060d7e042c8c3364053c402258db6fc",
    "https://esm.sh/v135/monaco-editor@0.52.0/denonext/esm/vs/basic-languages/lua/lua.js": "1f22b747c6afb484bf2804b0b59ff415dafb6bcceb707a5f9b089a2b6d8b44a5",
    "https://esm.sh/v135/monaco-editor@0.52.0/denonext/esm/vs/basic-languages/m3/m3.js": "684de2173c1a318014ad71ba87a4950945882d798af8a2671db63900bddc042a",
    "https://esm.sh/v135/monaco-editor@0.52.0/denonext/esm/vs/basic-languages/markdown/markdown.js": "1455c8102ad415f1b91a35a8a4520205a05aba59a1ac3166fca09fad98dbe4d1",
    "https://esm.sh/v135/monaco-editor@0.52.0/denonext/esm/vs/basic-languages/mdx/mdx.js": "944def4f0a8947b3111d951e8b4ada0a537034123b864a306eef422f04af4098",
    "https://esm.sh/v135/monaco-editor@0.52.0/denonext/esm/vs/basic-languages/mips/mips.js": "fa1d26aa03e0b1ac8d8b8a6e3aafe3b71fd6e1a25879cdb3a9faeb9018f96bf4",
    "https://esm.sh/v135/monaco-editor@0.52.0/denonext/esm/vs/basic-languages/msdax/msdax.js": "559f435d391cba2662be2a01e478406015d6d95cc6cbb0ec18010d913dcc29f0",
    "https://esm.sh/v135/monaco-editor@0.52.0/denonext/esm/vs/basic-languages/mysql/mysql.js": "eeb4febb58bef065886d5e891a261c2a1e6ffc68405bbfcaf1ca76a50c35a134",
    "https://esm.sh/v135/monaco-editor@0.52.0/denonext/esm/vs/basic-languages/objective-c/objective-c.js": "ac101927ce008903d83691cdded17424684cead817b9420da490bd96e5188fe4",
    "https://esm.sh/v135/monaco-editor@0.52.0/denonext/esm/vs/basic-languages/pascal/pascal.js": "e777beed9d9ef44ced60ae22f1db75001f5f9f45e7818749bd47370357433d7f",
    "https://esm.sh/v135/monaco-editor@0.52.0/denonext/esm/vs/basic-languages/pascaligo/pascaligo.js": "ba1fe97acfdfd724d503cf5a824ce5decbc61d9658bbbf4996bc5fd83c833f52",
    "https://esm.sh/v135/monaco-editor@0.52.0/denonext/esm/vs/basic-languages/perl/perl.js": "75bda6d876a79ca16e4c2fcc500796e07d8edbf2b733e2d05767a10b558c20a1",
    "https://esm.sh/v135/monaco-editor@0.52.0/denonext/esm/vs/basic-languages/pgsql/pgsql.js": "76950ed1adab65cef34c087c836e2a2efc7747541d2947b0f9fe0df2b3f7d99c",
    "https://esm.sh/v135/monaco-editor@0.52.0/denonext/esm/vs/basic-languages/php/php.js": "2dc3c6da3fedd2ea5ab2f2bcc9ae590863569173c894206bbf2a36b71a90615e",
    "https://esm.sh/v135/monaco-editor@0.52.0/denonext/esm/vs/basic-languages/pla/pla.js": "98f763a42e0d8ae38e7465423076879299de5f45117030507a4f09c2cef2c199",
    "https://esm.sh/v135/monaco-editor@0.52.0/denonext/esm/vs/basic-languages/postiats/postiats.js": "da7e1e928787338fedae751245135bed5ee197bed33d17d9a21ec5b28aa9dfb2",
    "https://esm.sh/v135/monaco-editor@0.52.0/denonext/esm/vs/basic-languages/powerquery/powerquery.js": "d3471695c98180fc9f42f4fb808d82566c1a7ac37e525325d967e6b44811ca19",
    "https://esm.sh/v135/monaco-editor@0.52.0/denonext/esm/vs/basic-languages/powershell/powershell.js": "0dfd84d8cd7a23c9135589efdf65f15d2163202d999f596802177c1586205554",
    "https://esm.sh/v135/monaco-editor@0.52.0/denonext/esm/vs/basic-languages/protobuf/protobuf.js": "586369724ceff87456d6d790cd4476866004df682533eb575e0a2e0dc860cb7f",
    "https://esm.sh/v135/monaco-editor@0.52.0/denonext/esm/vs/basic-languages/pug/pug.js": "fbecd4b88449cdf0178000d070e68cd26bd2635f42175f4b175c65cd90bc4853",
    "https://esm.sh/v135/monaco-editor@0.52.0/denonext/esm/vs/basic-languages/python/python.js": "6209762d10e55c58b47c78e88d7c1bd9e1aa56c12ed656cd35f207bdae2e4568",
    "https://esm.sh/v135/monaco-editor@0.52.0/denonext/esm/vs/basic-languages/qsharp/qsharp.js": "7ea28b3cde5cd58739e942213bd16f824aed900fa2487bbd4f5374ae4569d806",
    "https://esm.sh/v135/monaco-editor@0.52.0/denonext/esm/vs/basic-languages/r/r.js": "889fffb0338d846de399c11f1943af91e427e92cb9e9511f5f1b576fbcef6aaf",
    "https://esm.sh/v135/monaco-editor@0.52.0/denonext/esm/vs/basic-languages/razor/razor.js": "34eb70ed06ba752737c399858041039c6d980579d4e718e27c243f0c71fce0af",
    "https://esm.sh/v135/monaco-editor@0.52.0/denonext/esm/vs/basic-languages/redis/redis.js": "b3c8e12f7e93a1ef6c4b616877516b787dfccabb438f6e25b478a62e78304206",
    "https://esm.sh/v135/monaco-editor@0.52.0/denonext/esm/vs/basic-languages/redshift/redshift.js": "801bf4906186b93c26e0adb510141b989dab4ba70cf73e221f2450e0c1413d14",
    "https://esm.sh/v135/monaco-editor@0.52.0/denonext/esm/vs/basic-languages/restructuredtext/restructuredtext.js": "6c7d1109b40084ab948a02b72e2e429b45a382d5459be0c021d97f5eb1ccc7ed",
    "https://esm.sh/v135/monaco-editor@0.52.0/denonext/esm/vs/basic-languages/ruby/ruby.js": "71dea2087989cfd0532dbf055927027acc68926bdccfa36b947857dbaa62c72b",
    "https://esm.sh/v135/monaco-editor@0.52.0/denonext/esm/vs/basic-languages/rust/rust.js": "33a12947201d1f26b3955f1677fe746a391a8bd80e0d23be2c94205e59fd2a2b",
    "https://esm.sh/v135/monaco-editor@0.52.0/denonext/esm/vs/basic-languages/sb/sb.js": "ed13a17d43e509d1c956b4c878807edd6f7d0ce73e0937264926326122516d44",
    "https://esm.sh/v135/monaco-editor@0.52.0/denonext/esm/vs/basic-languages/scala/scala.js": "16f46033efcfcd511763d37b213e2afc5394c44af8aa71a3803b86bf25b986bb",
    "https://esm.sh/v135/monaco-editor@0.52.0/denonext/esm/vs/basic-languages/scheme/scheme.js": "5c3e25dc77c8336920703dbfb0eb422c067747241af9687c06fe07cf8b0a134e",
    "https://esm.sh/v135/monaco-editor@0.52.0/denonext/esm/vs/basic-languages/scss/scss.js": "94f81f75c77409f09fc8cc1ddc3647793be6026fc7a24ff6cf0db282bf4e6b4f",
    "https://esm.sh/v135/monaco-editor@0.52.0/denonext/esm/vs/basic-languages/shell/shell.js": "2f9035c474ecf56168e8ac80648896fd0cbd3a979253f2655e1590142a53b38f",
    "https://esm.sh/v135/monaco-editor@0.52.0/denonext/esm/vs/basic-languages/solidity/solidity.js": "f37c79304f19e877e4069118c718c48fa5a762e23cc4b7359d4b9e0178a6a10c",
    "https://esm.sh/v135/monaco-editor@0.52.0/denonext/esm/vs/basic-languages/sophia/sophia.js": "7eefd3c20e971874ed270d9aa792738723434596f2fb04cb638575bd4215a298",
    "https://esm.sh/v135/monaco-editor@0.52.0/denonext/esm/vs/basic-languages/sparql/sparql.js": "21cc5ad7c3ecd111b0e7bf38fbc8bfd34ad8d8a719497036f87185efda44c3a8",
    "https://esm.sh/v135/monaco-editor@0.52.0/denonext/esm/vs/basic-languages/sql/sql.js": "0898d1a347b37ff96186308eef5d8aa7a7d8fcf4833c163003948f7762c7ce3d",
    "https://esm.sh/v135/monaco-editor@0.52.0/denonext/esm/vs/basic-languages/st/st.js": "6ff4212659bd9618e2fdc82b1fd4526b55532bb68633569ab241e3268bfa910a",
    "https://esm.sh/v135/monaco-editor@0.52.0/denonext/esm/vs/basic-languages/swift/swift.js": "89f142b0587678891ae9ab8f7dd4b1ac5890746094e34f9f01bb329d3de1ca8e",
    "https://esm.sh/v135/monaco-editor@0.52.0/denonext/esm/vs/basic-languages/systemverilog/systemverilog.js": "d3098f2b76a724210394f0b318d0d2e4808338ef293213ead917207a8d04006c",
    "https://esm.sh/v135/monaco-editor@0.52.0/denonext/esm/vs/basic-languages/tcl/tcl.js": "76b2e938f5e62ac770753f8ab3bad5a89098e6bde679e5703f7e0f8120380b21",
    "https://esm.sh/v135/monaco-editor@0.52.0/denonext/esm/vs/basic-languages/twig/twig.js": "5992161338c22e2f2e2fefcb380c6e6b4a8bed635625c1dd1b4bc6c4d6531e46",
    "https://esm.sh/v135/monaco-editor@0.52.0/denonext/esm/vs/basic-languages/typescript/typescript.js": "740376753d04d61e2d52dc814efe22808c3e79123ba9cdc60f7fc6864c70fdf2",
    "https://esm.sh/v135/monaco-editor@0.52.0/denonext/esm/vs/basic-languages/typespec/typespec.js": "560cd059bf7368ed3493afab0ee01f6988337e1b1d259f5441086380b2d0e96c",
    "https://esm.sh/v135/monaco-editor@0.52.0/denonext/esm/vs/basic-languages/vb/vb.js": "c72153596529a4c5cc63d6bd788dcb7b7cdc8e208dd48246512c0a1bb146de27",
    "https://esm.sh/v135/monaco-editor@0.52.0/denonext/esm/vs/basic-languages/wgsl/wgsl.js": "176a4b80546e010accd979eadc9affc6e2ed41b750e07313d7db548da0bfba58",
    "https://esm.sh/v135/monaco-editor@0.52.0/denonext/esm/vs/basic-languages/xml/xml.js": "b47c7e99988b05ef30bc2c4d033d41518b7a34c87bdaa7516d7498528c3a628c",
    "https://esm.sh/v135/monaco-editor@0.52.0/denonext/esm/vs/basic-languages/yaml/yaml.js": "c9fc6ba63864ed5ed3b7ff9fe9b7c4fd133a0e86a3f371ffa99ecdff5fc55179",
    "https://esm.sh/v135/monaco-editor@0.52.0/denonext/esm/vs/language/css/cssMode.js": "ed8d1760e40be5c388f68933802cdc213f9df1de7ecd35691069080b41a97bec",
    "https://esm.sh/v135/monaco-editor@0.52.0/denonext/esm/vs/language/html/htmlMode.js": "0c246cd623218320400f7241f0b3bf6ee96d7bddaf2df61d466785a3429b7eed",
    "https://esm.sh/v135/monaco-editor@0.52.0/denonext/esm/vs/language/json/jsonMode.js": "3d6a13e2a48855f4a9948c87896dd447405410699b147ce8fd57df74af97c13a",
    "https://esm.sh/v135/monaco-editor@0.52.0/denonext/esm/vs/language/typescript/tsMode.js": "5eb167b9c90ab125c3cdee7b87092b91ec917a7b4cef52e06d32cdc427eff5c6",
    "https://esm.sh/v135/monaco-editor@0.52.0/denonext/monaco-editor.mjs": "635858302b8040dcb2b4391c6c926669cdce2bf2dde129cb866a2e3113ea3018"
  },
  "workspace": {
    "packageJson": {
      "dependencies": [
        "npm:@ant-design/icons@^5.3.6",
        "npm:@ant-design/pro-components@^2.6.49",
        "npm:@antv/x6-plugin-clipboard@^2.1.6",
        "npm:@antv/x6-plugin-dnd@^2.1.1",
        "npm:@antv/x6-plugin-history@^2.2.4",
        "npm:@antv/x6-plugin-keyboard@^2.2.3",
        "npm:@antv/x6-plugin-minimap@^2.0.7",
        "npm:@antv/x6-plugin-selection@^2.2.2",
        "npm:@antv/x6-plugin-snapline@^2.1.7",
        "npm:@antv/x6-plugin-stencil@^2.1.5",
        "npm:@antv/x6-plugin-transform@^2.1.8",
        "npm:@antv/x6-react-shape@^2.2.3",
        "npm:@antv/x6@^2.18.1",
        "npm:@logicflow/core@^2.0.5",
        "npm:@logicflow/extension@^2.0.9",
        "npm:@mapbox/mapbox-gl-draw@^1.4.3",
        "npm:@turf/area@^6.5.0",
        "npm:@turf/turf@^6.5.0",
        "npm:@types/lodash@^4.17.0",
        "npm:@types/mapbox-gl@^3.1.0",
        "npm:@types/mapbox__mapbox-gl-draw@^1.4.6",
        "npm:@types/react-dom@^18.2.21",
        "npm:@types/react@^18.2.64",
        "npm:@typescript-eslint/eslint-plugin@^7.1.1",
        "npm:@typescript-eslint/parser@^7.1.1",
        "npm:@vitejs/plugin-react-swc@^3.5.0",
        "npm:antd@^5.15.4",
        "npm:autoprefixer@^10.4.18",
        "npm:chokidar@^3.6.0",
        "npm:eslint-plugin-react-hooks@^4.6.0",
        "npm:eslint-plugin-react-refresh@~0.4.5",
        "npm:eslint@^8.57.0",
        "npm:jsdom@24",
        "npm:lodash@^4.17.21",
        "npm:mapbox-gl@^3.2.0",
        "npm:postcss@^8.4.35",
        "npm:rc-menu@^9.14.0",
        "npm:react-dom@^18.2.0",
        "npm:react-map-gl@^7.1.7",
        "npm:react-redux@^9.1.2",
        "npm:react-router-dom@^6.22.3",
        "npm:react@^18.2.0",
        "npm:redux@^5.0.1",
        "npm:tailwindcss@^3.4.1",
        "npm:typescript@^5.2.2",
        "npm:vite@^5.1.6",
        "npm:vitest@^1.3.1"
      ]
    }
  }
}
